
Microsoft Visual Studio Solution File, Format Version 12.00
# Visual Studio 2017
Project("{FAE04EC0-301F-11D3-BF4B-00C04F79EFBC}") = "SubGame", "SubGame.csproj", "{36FE3949-428B-2BA1-72F0-582675806682}"
EndProject
Project("{FAE04EC0-301F-11D3-BF4B-00C04F79EFBC}") = "SubGame.Editor", "SubGame.Editor.csproj", "{D4A979FD-46DB-053E-1B73-1EA38C12AE15}"
EndProject
Global
	GlobalSection(SolutionConfigurationPlatforms) = preSolution
		Debug|Any CPU = Debug|Any CPU
		Release|Any CPU = Release|Any CPU
	EndGlobalSection
	GlobalSection(ProjectConfigurationPlatforms) = postSolution
		{36FE3949-428B-2BA1-72F0-582675806682}.Debug|Any CPU.ActiveCfg = Debug|Any CPU
		{36FE3949-428B-2BA1-72F0-582675806682}.Debug|Any CPU.Build.0 = Debug|Any CPU
		{36FE3949-428B-2BA1-72F0-582675806682}.Release|Any CPU.ActiveCfg = Release|Any CPU
		{36FE3949-428B-2BA1-72F0-582675806682}.Release|Any CPU.Build.0 = Release|Any CPU
		{D4A979FD-46DB-053E-1B73-1EA38C12AE15}.Debug|Any CPU.ActiveCfg = Debug|Any CPU
		{D4A979FD-46DB-053E-1B73-1EA38C12AE15}.Debug|Any CPU.Build.0 = Debug|Any CPU
		{D4A979FD-46DB-053E-1B73-1EA38C12AE15}.Release|Any CPU.ActiveCfg = Release|Any CPU
		{D4A979FD-46DB-053E-1B73-1EA38C12AE15}.Release|Any CPU.Build.0 = Release|Any CPU
	EndGlobalSection
	GlobalSection(SolutionProperties) = preSolution
		HideSolutionNode = FALSE
	EndGlobalSection
EndGlobal
